// !$*UTF8*$!
{
	archiveVersion = 1;
	classes = {
	};
	objectVersion = 48;
	objects = {

/* Begin PBXBuildFile section */
		D590973F204994E500E3BC55 /* ImageListScreen.swift in Sources */ = {isa = PBXBuildFile; fileRef = D590973E204994E500E3BC55 /* ImageListScreen.swift */; };
		D59097412049991E00E3BC55 /* ImageCell.swift in Sources */ = {isa = PBXBuildFile; fileRef = D59097402049991E00E3BC55 /* ImageCell.swift */; };
		D590974320499AA000E3BC55 /* Image.swift in Sources */ = {isa = PBXBuildFile; fileRef = D590974220499AA000E3BC55 /* Image.swift */; };
		D5CE515320498C8B007A38A1 /* AppDelegate.swift in Sources */ = {isa = PBXBuildFile; fileRef = D5CE515220498C8B007A38A1 /* AppDelegate.swift */; };
		D5CE515820498C8B007A38A1 /* Main.storyboard in Resources */ = {isa = PBXBuildFile; fileRef = D5CE515620498C8B007A38A1 /* Main.storyboard */; };
		D5CE515A20498C8B007A38A1 /* Assets.xcassets in Resources */ = {isa = PBXBuildFile; fileRef = D5CE515920498C8B007A38A1 /* Assets.xcassets */; };
		D5CE515D20498C8B007A38A1 /* LaunchScreen.storyboard in Resources */ = {isa = PBXBuildFile; fileRef = D5CE515B20498C8B007A38A1 /* LaunchScreen.storyboard */; };
/* End PBXBuildFile section */

/* Begin PBXFileReference section */
		D590973E204994E500E3BC55 /* ImageListScreen.swift */ = {isa = PBXFileReference; lastKnownFileType = sourcecode.swift; path = ImageListScreen.swift; sourceTree = "<group>"; };
		D59097402049991E00E3BC55 /* ImageCell.swift */ = {isa = PBXFileReference; lastKnownFileType = sourcecode.swift; path = ImageCell.swift; sourceTree = "<group>"; };
		D590974220499AA000E3BC55 /* Image.swift */ = {isa = PBXFileReference; lastKnownFileType = sourcecode.swift; path = Image.swift; sourceTree = "<group>"; };
		D5CE514F20498C8B007A38A1 /* TravelBuddy.app */ = {isa = PBXFileReference; explicitFileType = wrapper.application; includeInIndex = 0; path = TravelBuddy.app; sourceTree = BUILT_PRODUCTS_DIR; };
		D5CE515220498C8B007A38A1 /* AppDelegate.swift */ = {isa = PBXFileReference; lastKnownFileType = sourcecode.swift; path = AppDelegate.swift; sourceTree = "<group>"; };
		D5CE515720498C8B007A38A1 /* Base */ = {isa = PBXFileReference; lastKnownFileType = file.storyboard; name = Base; path = Base.lproj/Main.storyboard; sourceTree = "<group>"; };
		D5CE515920498C8B007A38A1 /* Assets.xcassets */ = {isa = PBXFileReference; lastKnownFileType = folder.assetcatalog; path = Assets.xcassets; sourceTree = "<group>"; };
		D5CE515C20498C8B007A38A1 /* Base */ = {isa = PBXFileReference; lastKnownFileType = file.storyboard; name = Base; path = Base.lproj/LaunchScreen.storyboard; sourceTree = "<group>"; };
		D5CE515E20498C8B007A38A1 /* Info.plist */ = {isa = PBXFileReference; lastKnownFileType = text.plist.xml; path = Info.plist; sourceTree = "<group>"; };
/* End PBXFileReference section */

/* Begin PBXFrameworksBuildPhase section */
		D5CE514C20498C8B007A38A1 /* Frameworks */ = {
			isa = PBXFrameworksBuildPhase;
			buildActionMask = 2147483647;
			files = (
			);
			runOnlyForDeploymentPostprocessing = 0;
		};
/* End PBXFrameworksBuildPhase section */

/* Begin PBXGroup section */
		D5CE514620498C8B007A38A1 = {
			isa = PBXGroup;
			children = (
				D5CE515120498C8B007A38A1 /* TravelBuddy */,
				D5CE515020498C8B007A38A1 /* Products */,
			);
			sourceTree = "<group>";
		};
		D5CE515020498C8B007A38A1 /* Products */ = {
			isa = PBXGroup;
			children = (
				D5CE514F20498C8B007A38A1 /* TravelBuddy.app */,
			);
			name = Products;
			sourceTree = "<group>";
		};
		D5CE515120498C8B007A38A1 /* TravelBuddy */ = {
			isa = PBXGroup;
			children = (
				D5CE515220498C8B007A38A1 /* AppDelegate.swift */,
				D590973E204994E500E3BC55 /* ImageListScreen.swift */,
				D59097402049991E00E3BC55 /* ImageCell.swift */,
				D590974220499AA000E3BC55 /* Image.swift */,
				D5CE515620498C8B007A38A1 /* Main.storyboard */,
				D5CE515920498C8B007A38A1 /* Assets.xcassets */,
				D5CE515B20498C8B007A38A1 /* LaunchScreen.storyboard */,
				D5CE515E20498C8B007A38A1 /* Info.plist */,
			);
			path = TravelBuddy;
			sourceTree = "<group>";
		};
/* End PBXGroup section */

/* Begin PBXNativeTarget section */
		D5CE514E20498C8B007A38A1 /* TravelBuddy */ = {
			isa = PBXNativeTarget;
			buildConfigurationList = D5CE516120498C8B007A38A1 /* Build configuration list for PBXNativeTarget "TravelBuddy" */;
			buildPhases = (
				D5CE514B20498C8B007A38A1 /* Sources */,
				D5CE514C20498C8B007A38A1 /* Frameworks */,
				D5CE514D20498C8B007A38A1 /* Resources */,
			);
			buildRules = (
			);
			dependencies = (
			);
			name = TravelBuddy;
			productName = TravelBuddy;
			productReference = D5CE514F20498C8B007A38A1 /* TravelBuddy.app */;
			productType = "com.apple.product-type.application";
		};
/* End PBXNativeTarget section */

/* Begin PBXProject section */
		D5CE514720498C8B007A38A1 /* Project object */ = {
			isa = PBXProject;
			attributes = {
				LastSwiftUpdateCheck = 0920;
				LastUpgradeCheck = 0920;
				ORGANIZATIONNAME = "Dennis Bilberg";
				TargetAttributes = {
					D5CE514E20498C8B007A38A1 = {
						CreatedOnToolsVersion = 9.2;
						ProvisioningStyle = Automatic;
					};
				};
			};
			buildConfigurationList = D5CE514A20498C8B007A38A1 /* Build configuration list for PBXProject "TravelBuddy" */;
			compatibilityVersion = "Xcode 8.0";
			developmentRegion = en;
			hasScannedForEncodings = 0;
			knownRegions = (
				en,
				Base,
			);
			mainGroup = D5CE514620498C8B007A38A1;
			productRefGroup = D5CE515020498C8B007A38A1 /* Products */;
			projectDirPath = "";
			projectRoot = "";
			targets = (
				D5CE514E20498C8B007A38A1 /* TravelBuddy */,
			);
		};
/* End PBXProject section */

/* Begin PBXResourcesBuildPhase section */
		D5CE514D20498C8B007A38A1 /* Resources */ = {
			isa = PBXResourcesBuildPhase;
			buildActionMask = 2147483647;
			files = (
				D5CE515D20498C8B007A38A1 /* LaunchScreen.storyboard in Resources */,
				D5CE515A20498C8B007A38A1 /* Assets.xcassets in Resources */,
				D5CE515820498C8B007A38A1 /* Main.storyboard in Resources */,
			);
			runOnlyForDeploymentPostprocessing = 0;
		};
/* End PBXResourcesBuildPhase section */

/* Begin PBXSourcesBuildPhase section */
		D5CE514B20498C8B007A38A1 /* Sources */ = {
			isa = PBXSourcesBuildPhase;
			buildActionMask = 2147483647;
			files = (
				D5CE515320498C8B007A38A1 /* AppDelegate.swift in Sources */,
				D590974320499AA000E3BC55 /* Image.swift in Sources */,
				D590973F204994E500E3BC55 /* ImageListScreen.swift in Sources */,
				D59097412049991E00E3BC55 /* ImageCell.swift in Sources */,
			);
			runOnlyForDeploymentPostprocessing = 0;
		};
/* End PBXSourcesBuildPhase section */

/* Begin PBXVariantGroup section */
		D5CE515620498C8B007A38A1 /* Main.storyboard */ = {
			isa = PBXVariantGroup;
			children = (
				D5CE515720498C8B007A38A1 /* Base */,
			);
			name = Main.storyboard;
			sourceTree = "<group>";
		};
		D5CE515B20498C8B007A38A1 /* LaunchScreen.storyboard */ = {
			isa = PBXVariantGroup;
			children = (
				D5CE515C20498C8B007A38A1 /* Base */,
			);
			name = LaunchScreen.storyboard;
			sourceTree = "<group>";
		};
/* End PBXVariantGroup section */

/* Begin XCBuildConfiguration section */
		D5CE515F20498C8B007A38A1 /* Debug */ = {
			isa = XCBuildConfiguration;
			buildSettings = {
				ALWAYS_SEARCH_USER_PATHS = NO;
				CLANG_ANALYZER_NONNULL = YES;
				CLANG_ANALYZER_NUMBER_OBJECT_CONVERSION = YES_AGGRESSIVE;
				CLANG_CXX_LANGUAGE_STANDARD = "gnu++14";
				CLANG_CXX_LIBRARY = "libc++";
				CLANG_ENABLE_MODULES = YES;
				CLANG_ENABLE_OBJC_ARC = YES;
				CLANG_WARN_BLOCK_CAPTURE_AUTORELEASING = YES;
				CLANG_WARN_BOOL_CONVERSION = YES;
				CLANG_WARN_COMMA = YES;
				CLANG_WARN_CONSTANT_CONVERSION = YES;
				CLANG_WARN_DIRECT_OBJC_ISA_USAGE = YES_ERROR;
				CLANG_WARN_DOCUMENTATION_COMMENTS = YES;
				CLANG_WARN_EMPTY_BODY = YES;
				CLANG_WARN_ENUM_CONVERSION = YES;
				CLANG_WARN_INFINITE_RECURSION = YES;
				CLANG_WARN_INT_CONVERSION = YES;
				CLANG_WARN_NON_LITERAL_NULL_CONVERSION = YES;
				CLANG_WARN_OBJC_LITERAL_CONVERSION = YES;
				CLANG_WARN_OBJC_ROOT_CLASS = YES_ERROR;
				CLANG_WARN_RANGE_LOOP_ANALYSIS = YES;
				CLANG_WARN_STRICT_PROTOTYPES = YES;
				CLANG_WARN_SUSPICIOUS_MOVE = YES;
				CLANG_WARN_UNGUARDED_AVAILABILITY = YES_AGGRESSIVE;
				CLANG_WARN_UNREACHABLE_CODE = YES;
				CLANG_WARN__DUPLICATE_METHOD_MATCH = YES;
				CODE_SIGN_IDENTITY = "iPhone Developer";
				COPY_PHASE_STRIP = NO;
				DEBUG_INFORMATION_FORMAT = dwarf;
				ENABLE_STRICT_OBJC_MSGSEND = YES;
				ENABLE_TESTABILITY = YES;
				GCC_C_LANGUAGE_STANDARD = gnu11;
				GCC_DYNAMIC_NO_PIC = NO;
				GCC_NO_COMMON_BLOCKS = YES;
				GCC_OPTIMIZATION_LEVEL = 0;
				GCC_PREPROCESSOR_DEFINITIONS = (
					"DEBUG=1",
					"$(inherited)",
				);
				GCC_WARN_64_TO_32_BIT_CONVERSION = YES;
				GCC_WARN_ABOUT_RETURN_TYPE = YES_ERROR;
				GCC_WARN_UNDECLARED_SELECTOR = YES;
				GCC_WARN_UNINITIALIZED_AUTOS = YES_AGGRESSIVE;
				GCC_WARN_UNUSED_FUNCTION = YES;
				GCC_WARN_UNUSED_VARIABLE = YES;
				IPHONEOS_DEPLOYMENT_TARGET = 11.2;
				MTL_ENABLE_DEBUG_INFO = YES;
				ONLY_ACTIVE_ARCH = YES;
				SDKROOT = iphoneos;
				SWIFT_ACTIVE_COMPILATION_CONDITIONS = DEBUG;
				SWIFT_OPTIMIZATION_LEVEL = "-Onone";
			};
			name = Debug;
		};
		D5CE516020498C8B007A38A1 /* Release */ = {
			isa = XCBuildConfiguration;
			buildSettings = {
				ALWAYS_SEARCH_USER_PATHS = NO;
				CLANG_ANALYZER_NONNULL = YES;
				CLANG_ANALYZER_NUMBER_OBJECT_CONVERSION = YES_AGGRESSIVE;
				CLANG_CXX_LANGUAGE_STANDARD = "gnu++14";
				CLANG_CXX_LIBRARY = "libc++";
				CLANG_ENABLE_MODULES = YES;
				CLANG_ENABLE_OBJC_ARC = YES;
				CLANG_WARN_BLOCK_CAPTURE_AUTORELEASING = YES;
				CLANG_WARN_BOOL_CONVERSION = YES;
				CLANG_WARN_COMMA = YES;
				CLANG_WARN_CONSTANT_CONVERSION = YES;
				CLANG_WARN_DIRECT_OBJC_ISA_USAGE = YES_ERROR;
				CLANG_WARN_DOCUMENTATION_COMMENTS = YES;
				CLANG_WARN_EMPTY_BODY = YES;
				CLANG_WARN_ENUM_CONVERSION = YES;
				CLANG_WARN_INFINITE_RECURSION = YES;
				CLANG_WARN_INT_CONVERSION = YES;
				CLANG_WARN_NON_LITERAL_NULL_CONVERSION = YES;
				CLANG_WARN_OBJC_LITERAL_CONVERSION = YES;
				CLANG_WARN_OBJC_ROOT_CLASS = YES_ERROR;
				CLANG_WARN_RANGE_LOOP_ANALYSIS = YES;
				CLANG_WARN_STRICT_PROTOTYPES = YES;
				CLANG_WARN_SUSPICIOUS_MOVE = YES;
				CLANG_WARN_UNGUARDED_AVAILABILITY = YES_AGGRESSIVE;
				CLANG_WARN_UNREACHABLE_CODE = YES;
				CLANG_WARN__DUPLICATE_METHOD_MATCH = YES;
				CODE_SIGN_IDENTITY = "iPhone Developer";
				COPY_PHASE_STRIP = NO;
				DEBUG_INFORMATION_FORMAT = "dwarf-with-dsym";
				ENABLE_NS_ASSERTIONS = NO;
				ENABLE_STRICT_OBJC_MSGSEND = YES;
				GCC_C_LANGUAGE_STANDARD = gnu11;
				GCC_NO_COMMON_BLOCKS = YES;
				GCC_WARN_64_TO_32_BIT_CONVERSION = YES;
				GCC_WARN_ABOUT_RETURN_TYPE = YES_ERROR;
				GCC_WARN_UNDECLARED_SELECTOR = YES;
				GCC_WARN_UNINITIALIZED_AUTOS = YES_AGGRESSIVE;
				GCC_WARN_UNUSED_FUNCTION = YES;
				GCC_WARN_UNUSED_VARIABLE = YES;
				IPHONEOS_DEPLOYMENT_TARGET = 11.2;
				MTL_ENABLE_DEBUG_INFO = NO;
				SDKROOT = iphoneos;
				SWIFT_OPTIMIZATION_LEVEL = "-Owholemodule";
				VALIDATE_PRODUCT = YES;
			};
			name = Release;
		};
		D5CE516220498C8B007A38A1 /* Debug */ = {
			isa = XCBuildConfiguration;
			buildSettings = {
				ASSETCATALOG_COMPILER_APPICON_NAME = AppIcon;
				CODE_SIGN_STYLE = Automatic;
				DEVELOPMENT_TEAM = G977AN9A6F;
				INFOPLIST_FILE = TravelBuddy/Info.plist;
				LD_RUNPATH_SEARCH_PATHS = "$(inherited) @executable_path/Frameworks";
				PRODUCT_BUNDLE_IDENTIFIER = com.dennisbilberg.TravelBuddy;
				PRODUCT_NAME = "$(TARGET_NAME)";
				SWIFT_VERSION = 4.0;
				TARGETED_DEVICE_FAMILY = "1,2";
			};
			name = Debug;
		};
		D5CE516320498C8B007A38A1 /* Release */ = {
			isa = XCBuildConfiguration;
			buildSettings = {
				ASSETCATALOG_COMPILER_APPICON_NAME = AppIcon;
				CODE_SIGN_STYLE = Automatic;
				DEVELOPMENT_TEAM = G977AN9A6F;
				INFOPLIST_FILE = TravelBuddy/Info.plist;
				LD_RUNPATH_SEARCH_PATHS = "$(inherited) @executable_path/Frameworks";
				PRODUCT_BUNDLE_IDENTIFIER = com.dennisbilberg.TravelBuddy;
				PRODUCT_NAME = "$(TARGET_NAME)";
				SWIFT_VERSION = 4.0;
				TARGETED_DEVICE_FAMILY = "1,2";
			};
			name = Release;
		};
/* End XCBuildConfiguration section */

/* Begin XCConfigurationList section */
		D5CE514A20498C8B007A38A1 /* Build configuration list for PBXProject "TravelBuddy" */ = {
			isa = XCConfigurationList;
			buildConfigurations = (
				D5CE515F20498C8B007A38A1 /* Debug */,
				D5CE516020498C8B007A38A1 /* Release */,
			);
			defaultConfigurationIsVisible = 0;
			defaultConfigurationName = Release;
		};
		D5CE516120498C8B007A38A1 /* Build configuration list for PBXNativeTarget "TravelBuddy" */ = {
			isa = XCConfigurationList;
			buildConfigurations = (
				D5CE516220498C8B007A38A1 /* Debug */,
				D5CE516320498C8B007A38A1 /* Release */,
			);
			defaultConfigurationIsVisible = 0;
			defaultConfigurationName = Release;
		};
/* End XCConfigurationList section */
	};
	rootObject = D5CE514720498C8B007A38A1 /* Project object */;
}
