// !$*UTF8*$!
{
	archiveVersion = 1;
	classes = {
	};
	objectVersion = 48;
	objects = {

/* Begin PBXBuildFile section */
		D5D94AA32075178800CCEA95 /* ProductCell.swift in Sources */ = {isa = PBXBuildFile; fileRef = D5D94AA22075178800CCEA95 /* ProductCell.swift */; };
		D5D94AA52075189600CCEA95 /* Product.swift in Sources */ = {isa = PBXBuildFile; fileRef = D5D94AA42075189600CCEA95 /* Product.swift */; };
		D5D94AA72075214A00CCEA95 /* ProductsVC.swift in Sources */ = {isa = PBXBuildFile; fileRef = D5D94AA62075214A00CCEA95 /* ProductsVC.swift */; };
		D5ECD5042057EDC0009F7460 /* AppDelegate.swift in Sources */ = {isa = PBXBuildFile; fileRef = D5ECD5032057EDC0009F7460 /* AppDelegate.swift */; };
		D5ECD5062057EDC0009F7460 /* CategoriesVC.swift in Sources */ = {isa = PBXBuildFile; fileRef = D5ECD5052057EDC0009F7460 /* CategoriesVC.swift */; };
		D5ECD5092057EDC0009F7460 /* Main.storyboard in Resources */ = {isa = PBXBuildFile; fileRef = D5ECD5072057EDC0009F7460 /* Main.storyboard */; };
		D5ECD50B2057EDC0009F7460 /* Assets.xcassets in Resources */ = {isa = PBXBuildFile; fileRef = D5ECD50A2057EDC0009F7460 /* Assets.xcassets */; };
		D5ECD50E2057EDC0009F7460 /* LaunchScreen.storyboard in Resources */ = {isa = PBXBuildFile; fileRef = D5ECD50C2057EDC0009F7460 /* LaunchScreen.storyboard */; };
		D5ECD5192057F5A5009F7460 /* CategoryCell.swift in Sources */ = {isa = PBXBuildFile; fileRef = D5ECD5182057F5A5009F7460 /* CategoryCell.swift */; };
		D5ECD51B2057F7C6009F7460 /* Category.swift in Sources */ = {isa = PBXBuildFile; fileRef = D5ECD51A2057F7C6009F7460 /* Category.swift */; };
		D5ECD51E2057F94B009F7460 /* DataService.swift in Sources */ = {isa = PBXBuildFile; fileRef = D5ECD51D2057F94B009F7460 /* DataService.swift */; };
/* End PBXBuildFile section */

/* Begin PBXFileReference section */
		D5D94AA22075178800CCEA95 /* ProductCell.swift */ = {isa = PBXFileReference; lastKnownFileType = sourcecode.swift; path = ProductCell.swift; sourceTree = "<group>"; };
		D5D94AA42075189600CCEA95 /* Product.swift */ = {isa = PBXFileReference; lastKnownFileType = sourcecode.swift; path = Product.swift; sourceTree = "<group>"; };
		D5D94AA62075214A00CCEA95 /* ProductsVC.swift */ = {isa = PBXFileReference; lastKnownFileType = sourcecode.swift; path = ProductsVC.swift; sourceTree = "<group>"; };
		D5ECD5002057EDC0009F7460 /* TravelBuddy.app */ = {isa = PBXFileReference; explicitFileType = wrapper.application; includeInIndex = 0; path = TravelBuddy.app; sourceTree = BUILT_PRODUCTS_DIR; };
		D5ECD5032057EDC0009F7460 /* AppDelegate.swift */ = {isa = PBXFileReference; lastKnownFileType = sourcecode.swift; path = AppDelegate.swift; sourceTree = "<group>"; };
		D5ECD5052057EDC0009F7460 /* CategoriesVC.swift */ = {isa = PBXFileReference; lastKnownFileType = sourcecode.swift; path = CategoriesVC.swift; sourceTree = "<group>"; };
		D5ECD5082057EDC0009F7460 /* Base */ = {isa = PBXFileReference; lastKnownFileType = file.storyboard; name = Base; path = Base.lproj/Main.storyboard; sourceTree = "<group>"; };
		D5ECD50A2057EDC0009F7460 /* Assets.xcassets */ = {isa = PBXFileReference; lastKnownFileType = folder.assetcatalog; path = Assets.xcassets; sourceTree = "<group>"; };
		D5ECD50D2057EDC0009F7460 /* Base */ = {isa = PBXFileReference; lastKnownFileType = file.storyboard; name = Base; path = Base.lproj/LaunchScreen.storyboard; sourceTree = "<group>"; };
		D5ECD50F2057EDC0009F7460 /* Info.plist */ = {isa = PBXFileReference; lastKnownFileType = text.plist.xml; path = Info.plist; sourceTree = "<group>"; };
		D5ECD5182057F5A5009F7460 /* CategoryCell.swift */ = {isa = PBXFileReference; lastKnownFileType = sourcecode.swift; path = CategoryCell.swift; sourceTree = "<group>"; };
		D5ECD51A2057F7C6009F7460 /* Category.swift */ = {isa = PBXFileReference; lastKnownFileType = sourcecode.swift; path = Category.swift; sourceTree = "<group>"; };
		D5ECD51D2057F94B009F7460 /* DataService.swift */ = {isa = PBXFileReference; lastKnownFileType = sourcecode.swift; path = DataService.swift; sourceTree = "<group>"; };
/* End PBXFileReference section */

/* Begin PBXFrameworksBuildPhase section */
		D5ECD4FD2057EDC0009F7460 /* Frameworks */ = {
			isa = PBXFrameworksBuildPhase;
			buildActionMask = 2147483647;
			files = (
			);
			runOnlyForDeploymentPostprocessing = 0;
		};
/* End PBXFrameworksBuildPhase section */

/* Begin PBXGroup section */
		D5ECD4F72057EDC0009F7460 = {
			isa = PBXGroup;
			children = (
				D5ECD5022057EDC0009F7460 /* TravelBuddy */,
				D5ECD5012057EDC0009F7460 /* Products */,
			);
			sourceTree = "<group>";
		};
		D5ECD5012057EDC0009F7460 /* Products */ = {
			isa = PBXGroup;
			children = (
				D5ECD5002057EDC0009F7460 /* TravelBuddy.app */,
			);
			name = Products;
			sourceTree = "<group>";
		};
		D5ECD5022057EDC0009F7460 /* TravelBuddy */ = {
			isa = PBXGroup;
			children = (
				D5ECD51C2057F936009F7460 /* Services */,
				D5ECD5172057F531009F7460 /* View */,
				D5ECD5162057F52B009F7460 /* Model */,
				D5ECD5152057F51F009F7460 /* Controller */,
				D5ECD5032057EDC0009F7460 /* AppDelegate.swift */,
				D5ECD5072057EDC0009F7460 /* Main.storyboard */,
				D5ECD50A2057EDC0009F7460 /* Assets.xcassets */,
				D5ECD50C2057EDC0009F7460 /* LaunchScreen.storyboard */,
				D5ECD50F2057EDC0009F7460 /* Info.plist */,
			);
			path = TravelBuddy;
			sourceTree = "<group>";
		};
		D5ECD5152057F51F009F7460 /* Controller */ = {
			isa = PBXGroup;
			children = (
				D5ECD5052057EDC0009F7460 /* CategoriesVC.swift */,
				D5D94AA62075214A00CCEA95 /* ProductsVC.swift */,
			);
			path = Controller;
			sourceTree = "<group>";
		};
		D5ECD5162057F52B009F7460 /* Model */ = {
			isa = PBXGroup;
			children = (
				D5ECD51A2057F7C6009F7460 /* Category.swift */,
				D5D94AA42075189600CCEA95 /* Product.swift */,
			);
			path = Model;
			sourceTree = "<group>";
		};
		D5ECD5172057F531009F7460 /* View */ = {
			isa = PBXGroup;
			children = (
				D5ECD5182057F5A5009F7460 /* CategoryCell.swift */,
				D5D94AA22075178800CCEA95 /* ProductCell.swift */,
			);
			path = View;
			sourceTree = "<group>";
		};
		D5ECD51C2057F936009F7460 /* Services */ = {
			isa = PBXGroup;
			children = (
				D5ECD51D2057F94B009F7460 /* DataService.swift */,
			);
			path = Services;
			sourceTree = "<group>";
		};
/* End PBXGroup section */

/* Begin PBXNativeTarget section */
		D5ECD4FF2057EDC0009F7460 /* TravelBuddy */ = {
			isa = PBXNativeTarget;
			buildConfigurationList = D5ECD5122057EDC0009F7460 /* Build configuration list for PBXNativeTarget "TravelBuddy" */;
			buildPhases = (
				D5ECD4FC2057EDC0009F7460 /* Sources */,
				D5ECD4FD2057EDC0009F7460 /* Frameworks */,
				D5ECD4FE2057EDC0009F7460 /* Resources */,
			);
			buildRules = (
			);
			dependencies = (
			);
			name = TravelBuddy;
			productName = TravelBuddy;
			productReference = D5ECD5002057EDC0009F7460 /* TravelBuddy.app */;
			productType = "com.apple.product-type.application";
		};
/* End PBXNativeTarget section */

/* Begin PBXProject section */
		D5ECD4F82057EDC0009F7460 /* Project object */ = {
			isa = PBXProject;
			attributes = {
				LastSwiftUpdateCheck = 0920;
				LastUpgradeCheck = 0920;
				ORGANIZATIONNAME = "Dennis Bilberg";
				TargetAttributes = {
					D5ECD4FF2057EDC0009F7460 = {
						CreatedOnToolsVersion = 9.2;
						ProvisioningStyle = Automatic;
					};
				};
			};
			buildConfigurationList = D5ECD4FB2057EDC0009F7460 /* Build configuration list for PBXProject "TravelBuddy" */;
			compatibilityVersion = "Xcode 8.0";
			developmentRegion = en;
			hasScannedForEncodings = 0;
			knownRegions = (
				en,
				Base,
			);
			mainGroup = D5ECD4F72057EDC0009F7460;
			productRefGroup = D5ECD5012057EDC0009F7460 /* Products */;
			projectDirPath = "";
			projectRoot = "";
			targets = (
				D5ECD4FF2057EDC0009F7460 /* TravelBuddy */,
			);
		};
/* End PBXProject section */

/* Begin PBXResourcesBuildPhase section */
		D5ECD4FE2057EDC0009F7460 /* Resources */ = {
			isa = PBXResourcesBuildPhase;
			buildActionMask = 2147483647;
			files = (
				D5ECD50E2057EDC0009F7460 /* LaunchScreen.storyboard in Resources */,
				D5ECD50B2057EDC0009F7460 /* Assets.xcassets in Resources */,
				D5ECD5092057EDC0009F7460 /* Main.storyboard in Resources */,
			);
			runOnlyForDeploymentPostprocessing = 0;
		};
/* End PBXResourcesBuildPhase section */

/* Begin PBXSourcesBuildPhase section */
		D5ECD4FC2057EDC0009F7460 /* Sources */ = {
			isa = PBXSourcesBuildPhase;
			buildActionMask = 2147483647;
			files = (
				D5D94AA72075214A00CCEA95 /* ProductsVC.swift in Sources */,
				D5ECD5062057EDC0009F7460 /* CategoriesVC.swift in Sources */,
				D5ECD5042057EDC0009F7460 /* AppDelegate.swift in Sources */,
				D5ECD5192057F5A5009F7460 /* CategoryCell.swift in Sources */,
				D5D94AA32075178800CCEA95 /* ProductCell.swift in Sources */,
				D5ECD51B2057F7C6009F7460 /* Category.swift in Sources */,
				D5ECD51E2057F94B009F7460 /* DataService.swift in Sources */,
				D5D94AA52075189600CCEA95 /* Product.swift in Sources */,
			);
			runOnlyForDeploymentPostprocessing = 0;
		};
/* End PBXSourcesBuildPhase section */

/* Begin PBXVariantGroup section */
		D5ECD5072057EDC0009F7460 /* Main.storyboard */ = {
			isa = PBXVariantGroup;
			children = (
				D5ECD5082057EDC0009F7460 /* Base */,
			);
			name = Main.storyboard;
			sourceTree = "<group>";
		};
		D5ECD50C2057EDC0009F7460 /* LaunchScreen.storyboard */ = {
			isa = PBXVariantGroup;
			children = (
				D5ECD50D2057EDC0009F7460 /* Base */,
			);
			name = LaunchScreen.storyboard;
			sourceTree = "<group>";
		};
/* End PBXVariantGroup section */

/* Begin XCBuildConfiguration section */
		D5ECD5102057EDC0009F7460 /* Debug */ = {
			isa = XCBuildConfiguration;
			buildSettings = {
				ALWAYS_SEARCH_USER_PATHS = NO;
				CLANG_ANALYZER_NONNULL = YES;
				CLANG_ANALYZER_NUMBER_OBJECT_CONVERSION = YES_AGGRESSIVE;
				CLANG_CXX_LANGUAGE_STANDARD = "gnu++14";
				CLANG_CXX_LIBRARY = "libc++";
				CLANG_ENABLE_MODULES = YES;
				CLANG_ENABLE_OBJC_ARC = YES;
				CLANG_WARN_BLOCK_CAPTURE_AUTORELEASING = YES;
				CLANG_WARN_BOOL_CONVERSION = YES;
				CLANG_WARN_COMMA = YES;
				CLANG_WARN_CONSTANT_CONVERSION = YES;
				CLANG_WARN_DIRECT_OBJC_ISA_USAGE = YES_ERROR;
				CLANG_WARN_DOCUMENTATION_COMMENTS = YES;
				CLANG_WARN_EMPTY_BODY = YES;
				CLANG_WARN_ENUM_CONVERSION = YES;
				CLANG_WARN_INFINITE_RECURSION = YES;
				CLANG_WARN_INT_CONVERSION = YES;
				CLANG_WARN_NON_LITERAL_NULL_CONVERSION = YES;
				CLANG_WARN_OBJC_LITERAL_CONVERSION = YES;
				CLANG_WARN_OBJC_ROOT_CLASS = YES_ERROR;
				CLANG_WARN_RANGE_LOOP_ANALYSIS = YES;
				CLANG_WARN_STRICT_PROTOTYPES = YES;
				CLANG_WARN_SUSPICIOUS_MOVE = YES;
				CLANG_WARN_UNGUARDED_AVAILABILITY = YES_AGGRESSIVE;
				CLANG_WARN_UNREACHABLE_CODE = YES;
				CLANG_WARN__DUPLICATE_METHOD_MATCH = YES;
				CODE_SIGN_IDENTITY = "iPhone Developer";
				COPY_PHASE_STRIP = NO;
				DEBUG_INFORMATION_FORMAT = dwarf;
				ENABLE_STRICT_OBJC_MSGSEND = YES;
				ENABLE_TESTABILITY = YES;
				GCC_C_LANGUAGE_STANDARD = gnu11;
				GCC_DYNAMIC_NO_PIC = NO;
				GCC_NO_COMMON_BLOCKS = YES;
				GCC_OPTIMIZATION_LEVEL = 0;
				GCC_PREPROCESSOR_DEFINITIONS = (
					"DEBUG=1",
					"$(inherited)",
				);
				GCC_WARN_64_TO_32_BIT_CONVERSION = YES;
				GCC_WARN_ABOUT_RETURN_TYPE = YES_ERROR;
				GCC_WARN_UNDECLARED_SELECTOR = YES;
				GCC_WARN_UNINITIALIZED_AUTOS = YES_AGGRESSIVE;
				GCC_WARN_UNUSED_FUNCTION = YES;
				GCC_WARN_UNUSED_VARIABLE = YES;
				IPHONEOS_DEPLOYMENT_TARGET = 11.2;
				MTL_ENABLE_DEBUG_INFO = YES;
				ONLY_ACTIVE_ARCH = YES;
				SDKROOT = iphoneos;
				SWIFT_ACTIVE_COMPILATION_CONDITIONS = DEBUG;
				SWIFT_OPTIMIZATION_LEVEL = "-Onone";
			};
			name = Debug;
		};
		D5ECD5112057EDC0009F7460 /* Release */ = {
			isa = XCBuildConfiguration;
			buildSettings = {
				ALWAYS_SEARCH_USER_PATHS = NO;
				CLANG_ANALYZER_NONNULL = YES;
				CLANG_ANALYZER_NUMBER_OBJECT_CONVERSION = YES_AGGRESSIVE;
				CLANG_CXX_LANGUAGE_STANDARD = "gnu++14";
				CLANG_CXX_LIBRARY = "libc++";
				CLANG_ENABLE_MODULES = YES;
				CLANG_ENABLE_OBJC_ARC = YES;
				CLANG_WARN_BLOCK_CAPTURE_AUTORELEASING = YES;
				CLANG_WARN_BOOL_CONVERSION = YES;
				CLANG_WARN_COMMA = YES;
				CLANG_WARN_CONSTANT_CONVERSION = YES;
				CLANG_WARN_DIRECT_OBJC_ISA_USAGE = YES_ERROR;
				CLANG_WARN_DOCUMENTATION_COMMENTS = YES;
				CLANG_WARN_EMPTY_BODY = YES;
				CLANG_WARN_ENUM_CONVERSION = YES;
				CLANG_WARN_INFINITE_RECURSION = YES;
				CLANG_WARN_INT_CONVERSION = YES;
				CLANG_WARN_NON_LITERAL_NULL_CONVERSION = YES;
				CLANG_WARN_OBJC_LITERAL_CONVERSION = YES;
				CLANG_WARN_OBJC_ROOT_CLASS = YES_ERROR;
				CLANG_WARN_RANGE_LOOP_ANALYSIS = YES;
				CLANG_WARN_STRICT_PROTOTYPES = YES;
				CLANG_WARN_SUSPICIOUS_MOVE = YES;
				CLANG_WARN_UNGUARDED_AVAILABILITY = YES_AGGRESSIVE;
				CLANG_WARN_UNREACHABLE_CODE = YES;
				CLANG_WARN__DUPLICATE_METHOD_MATCH = YES;
				CODE_SIGN_IDENTITY = "iPhone Developer";
				COPY_PHASE_STRIP = NO;
				DEBUG_INFORMATION_FORMAT = "dwarf-with-dsym";
				ENABLE_NS_ASSERTIONS = NO;
				ENABLE_STRICT_OBJC_MSGSEND = YES;
				GCC_C_LANGUAGE_STANDARD = gnu11;
				GCC_NO_COMMON_BLOCKS = YES;
				GCC_WARN_64_TO_32_BIT_CONVERSION = YES;
				GCC_WARN_ABOUT_RETURN_TYPE = YES_ERROR;
				GCC_WARN_UNDECLARED_SELECTOR = YES;
				GCC_WARN_UNINITIALIZED_AUTOS = YES_AGGRESSIVE;
				GCC_WARN_UNUSED_FUNCTION = YES;
				GCC_WARN_UNUSED_VARIABLE = YES;
				IPHONEOS_DEPLOYMENT_TARGET = 11.2;
				MTL_ENABLE_DEBUG_INFO = NO;
				SDKROOT = iphoneos;
				SWIFT_OPTIMIZATION_LEVEL = "-Owholemodule";
				VALIDATE_PRODUCT = YES;
			};
			name = Release;
		};
		D5ECD5132057EDC0009F7460 /* Debug */ = {
			isa = XCBuildConfiguration;
			buildSettings = {
				ASSETCATALOG_COMPILER_APPICON_NAME = AppIcon;
				CODE_SIGN_STYLE = Automatic;
				DEVELOPMENT_TEAM = G977AN9A6F;
				INFOPLIST_FILE = TravelBuddy/Info.plist;
				LD_RUNPATH_SEARCH_PATHS = "$(inherited) @executable_path/Frameworks";
				PRODUCT_BUNDLE_IDENTIFIER = com.dennisbilberg.TravelBuddy;
				PRODUCT_NAME = "$(TARGET_NAME)";
				SWIFT_VERSION = 4.0;
				TARGETED_DEVICE_FAMILY = "1,2";
			};
			name = Debug;
		};
		D5ECD5142057EDC0009F7460 /* Release */ = {
			isa = XCBuildConfiguration;
			buildSettings = {
				ASSETCATALOG_COMPILER_APPICON_NAME = AppIcon;
				CODE_SIGN_STYLE = Automatic;
				DEVELOPMENT_TEAM = G977AN9A6F;
				INFOPLIST_FILE = TravelBuddy/Info.plist;
				LD_RUNPATH_SEARCH_PATHS = "$(inherited) @executable_path/Frameworks";
				PRODUCT_BUNDLE_IDENTIFIER = com.dennisbilberg.TravelBuddy;
				PRODUCT_NAME = "$(TARGET_NAME)";
				SWIFT_VERSION = 4.0;
				TARGETED_DEVICE_FAMILY = "1,2";
			};
			name = Release;
		};
/* End XCBuildConfiguration section */

/* Begin XCConfigurationList section */
		D5ECD4FB2057EDC0009F7460 /* Build configuration list for PBXProject "TravelBuddy" */ = {
			isa = XCConfigurationList;
			buildConfigurations = (
				D5ECD5102057EDC0009F7460 /* Debug */,
				D5ECD5112057EDC0009F7460 /* Release */,
			);
			defaultConfigurationIsVisible = 0;
			defaultConfigurationName = Release;
		};
		D5ECD5122057EDC0009F7460 /* Build configuration list for PBXNativeTarget "TravelBuddy" */ = {
			isa = XCConfigurationList;
			buildConfigurations = (
				D5ECD5132057EDC0009F7460 /* Debug */,
				D5ECD5142057EDC0009F7460 /* Release */,
			);
			defaultConfigurationIsVisible = 0;
			defaultConfigurationName = Release;
		};
/* End XCConfigurationList section */
	};
	rootObject = D5ECD4F82057EDC0009F7460 /* Project object */;
}
